
Microsoft Visual Studio Solution File, Format Version 12.00
# Visual Studio 14
VisualStudioVersion = 14.0.25420.1
MinimumVisualStudioVersion = 10.0.40219.1
Project("{8BC9CEB8-8B4A-11D0-8D11-00A0C91BC942}") = "Graph", "Graph\Graph.vcxproj", "{EA2A1534-086B-456A-9BE8-0D3CC4DF4D21}"
EndProject
Global
	GlobalSection(SolutionConfigurationPlatforms) = preSolution
		Debug|x64 = Debug|x64
		Debug|x86 = Debug|x86
		Release|x64 = Release|x64
		Release|x86 = Release|x86
	EndGlobalSection
	GlobalSection(ProjectConfigurationPlatforms) = postSolution
		{EA2A1534-086B-456A-9BE8-0D3CC4DF4D21}.Debug|x64.ActiveCfg = Debug|x64
		{EA2A1534-086B-456A-9BE8-0D3CC4DF4D21}.Debug|x64.Build.0 = Debug|x64
		{EA2A1534-086B-456A-9BE8-0D3CC4DF4D21}.Debug|x86.ActiveCfg = Debug|Win32
		{EA2A1534-086B-456A-9BE8-0D3CC4DF4D21}.Debug|x86.Build.0 = Debug|Win32
		{EA2A1534-086B-456A-9BE8-0D3CC4DF4D21}.Release|x64.ActiveCfg = Release|x64
		{EA2A1534-086B-456A-9BE8-0D3CC4DF4D21}.Release|x64.Build.0 = Release|x64
		{EA2A1534-086B-456A-9BE8-0D3CC4DF4D21}.Release|x86.ActiveCfg = Release|Win32
		{EA2A1534-086B-456A-9BE8-0D3CC4DF4D21}.Release|x86.Build.0 = Release|Win32
	EndGlobalSection
	GlobalSection(SolutionProperties) = preSolution
		HideSolutionNode = FALSE
	EndGlobalSection
	GlobalSection(TeamFoundationVersionControl) = preSolution
		SccNumberOfProjects = 2
		SccEnterpriseProvider = {4CA58AB2-18FA-4F8D-95D4-32DDF27D184C}
		SccTeamFoundationServer = https://projectdeveloper.visualstudio.com/defaultcollection
		SccLocalPath0 = .
		SccProjectUniqueName1 = Graph\\Graph.vcxproj
		SccProjectName1 = Graph
		SccLocalPath1 = Graph
	EndGlobalSection
EndGlobal
